<?xml version="1.0" encoding="UTF-8" standalone="yes" ?>
<CodeBlocks_project_file>
	<FileVersion major="1" minor="6" />
	<Project>
		<Option title="linearHash" />
		<Option pch_mode="2" />
		<Option compiler="gcc" />
		<Build>
			<Target title="Debug">
				<Option output="bin/Debug/linearHash" prefix_auto="1" extension_auto="1" />
				<Option object_output="obj/Debug/" />
				<Option type="1" />
				<Option compiler="gcc" />
				<Compiler>
					<Add option="-g" />
				</Compiler>
			</Target>
			<Target title="Release">
				<Option output="bin/Release/linearHash" prefix_auto="1" extension_auto="1" />
				<Option object_output="obj/Release/" />
				<Option type="1" />
				<Option compiler="gcc" />
				<Compiler>
					<Add option="-O2" />
				</Compiler>
				<Linker>
					<Add option="-s" />
				</Linker>
			</Target>
		</Build>
		<Compiler>
			<Add option="-Wall" />
		</Compiler>
		<Unit filename="lib/armazenamento.h" />
		<Unit filename="lib/bucket.h" />
		<Unit filename="lib/hash.h" />
		<Unit filename="lib/identificador.h" />
		<Unit filename="lib/imports.h" />
		<Unit filename="lib/pagina.h" />
		<Unit filename="src/armazenamento.cpp" />
		<Unit filename="src/bucket.cpp" />
		<Unit filename="src/hash.cpp" />
		<Unit filename="src/identificador.cpp" />
		<Unit filename="src/main.cpp" />
		<Unit filename="src/pagina.cpp" />
		<Extensions>
			<code_completion />
			<envvars />
			<debugger />
			<lib_finder disable_auto="1" />
		</Extensions>
	</Project>
</CodeBlocks_project_file>
